{
  "schemaVersion": 1,
  "defoldRevision": "7f0f554f41f9dce1e0ddff99bf08200657d1ee05",
  "platform": "arm64-macos",
  "generator": {
    "package": "@ts-defold/deherm",
    "version": "0.0.0"
  },
  "toolchain": {
    "pins": {
      "ANDROID_64_NDK_API_VERSION": "21",
      "ANDROID_BUILD_TOOLS_VERSION": "36.1.0",
      "ANDROID_NDK_API_VERSION": "19",
      "ANDROID_NDK_VERSION": "25b",
      "ANDROID_PACKAGE": "android-36",
      "ANDROID_TARGET_API_LEVEL": "36",
      "EMSCRIPTEN_SDK": "sdk-4.0.6-64bit",
      "EMSCRIPTEN_VERSION_STR": "4.0.6",
      "PACKAGES_EMSCRIPTEN_SDK": "emsdk-4.0.6",
      "PACKAGES_IOS_SDK": "iPhoneOS26.5.sdk",
      "PACKAGES_IOS_SIMULATOR_SDK": "iPhoneSimulator26.5.sdk",
      "PACKAGES_MACOS_SDK": "MacOSX26.5.sdk",
      "PACKAGES_WIN32_SDK": "WindowsKits-10.0.28000.0",
      "PACKAGES_WIN32_TOOLCHAIN": "Microsoft-Visual-Studio-2026-14.51.36231",
      "PACKAGES_XCODE_TOOLCHAIN": "XcodeDefault26.5.xctoolchain",
      "SWIFT_VERSION": "6.2",
      "VERSION_EDITOR_JDK": "25.0.4.1+1",
      "VERSION_IPHONEOS": "26.5",
      "VERSION_IPHONEOS_MIN": "11.0",
      "VERSION_IPHONESIMULATOR": "26.5",
      "VERSION_LINUX_CLANG": "20.1.8",
      "VERSION_MACOSX": "26.5",
      "VERSION_MACOSX_MIN": "10.15",
      "VERSION_WINDOWS_MSVC": "14.51.36231",
      "VERSION_WINDOWS_SDK": "10.0.28000.0",
      "VERSION_XCODE": "26.5",
      "VERSION_XCODE_CLANG": "21.0.0",
      "VISUAL_STUDIO_VERSION": "2026"
    },
    "targetMatrix": {
      "authority": {
        "pairs": "upstream/defold/com.dynamo.cr/com.dynamo.cr.bob/src/com/dynamo/bob/Platform.java",
        "targets": "upstream/defold/share/extender/build_input.yml"
      },
      "platformPairs": [
        {
          "bobPlatform": "arm64_sim-ios",
          "extenderTarget": "arm64_sim-ios"
        },
        {
          "bobPlatform": "arm64-android",
          "extenderTarget": "arm64-android"
        },
        {
          "bobPlatform": "arm64-ios",
          "extenderTarget": "arm64-ios"
        },
        {
          "bobPlatform": "arm64-linux",
          "extenderTarget": "arm64-linux"
        },
        {
          "bobPlatform": "arm64-macos",
          "extenderTarget": "arm64-osx"
        },
        {
          "bobPlatform": "armv7-android",
          "extenderTarget": "armv7-android"
        },
        {
          "bobPlatform": "wasm_pthread-web",
          "extenderTarget": "wasm_pthread-web"
        },
        {
          "bobPlatform": "wasm-web",
          "extenderTarget": "wasm-web"
        },
        {
          "bobPlatform": "x86_64-android",
          "extenderTarget": "x86_64-android"
        },
        {
          "bobPlatform": "x86_64-linux",
          "extenderTarget": "x86_64-linux"
        },
        {
          "bobPlatform": "x86_64-macos",
          "extenderTarget": "x86_64-osx"
        },
        {
          "bobPlatform": "x86_64-win32",
          "extenderTarget": "x86_64-win32"
        }
      ],
      "targets": [
        {
          "architecture": "arm64_sim",
          "group": "ios",
          "kind": "bundle",
          "target": "arm64_sim-ios"
        },
        {
          "architecture": "arm64",
          "group": "android",
          "kind": "bundle",
          "target": "arm64-android"
        },
        {
          "architecture": "arm64",
          "group": "ios",
          "kind": "bundle",
          "target": "arm64-ios"
        },
        {
          "architecture": "arm64",
          "group": "linux",
          "kind": "bundle",
          "target": "arm64-linux"
        },
        {
          "architecture": "arm64",
          "group": "osx",
          "kind": "bundle",
          "target": "arm64-osx"
        },
        {
          "architecture": "armv7",
          "group": "android",
          "kind": "bundle",
          "target": "armv7-android"
        },
        {
          "architecture": "wasm_pthread",
          "group": "web",
          "kind": "bundle",
          "target": "wasm_pthread-web"
        },
        {
          "architecture": "wasm",
          "group": "web",
          "kind": "bundle",
          "target": "wasm-web"
        },
        {
          "architecture": "x86_64",
          "group": "android",
          "kind": "bundle",
          "target": "x86_64-android"
        },
        {
          "architecture": "x86_64",
          "group": "linux",
          "kind": "bundle",
          "target": "x86_64-linux"
        },
        {
          "architecture": "x86_64",
          "group": "osx",
          "kind": "bundle",
          "target": "x86_64-osx"
        },
        {
          "architecture": "x86_64",
          "group": "win32",
          "kind": "bundle",
          "target": "x86_64-win32"
        },
        {
          "architecture": "x86",
          "group": "osx",
          "kind": "retired",
          "target": "x86-osx"
        }
      ]
    },
    "bob": {
      "url": "https://d.defold.com/archive/7f0f554f41f9dce1e0ddff99bf08200657d1ee05/bob/bob.jar",
      "sha256": "8a8a8c4ebc725279d8ddae17c4eb3d72d6db90a498302960ca341e61fa489cb8"
    }
  },
  "artifacts": {
    "schemaVersion": 1,
    "kind": "deherm.policy.artifacts",
    "defoldRevision": "7f0f554f41f9dce1e0ddff99bf08200657d1ee05",
    "artifacts": {
      "hermes-host": {
        "tag": "hermes-7d678790fcd9",
        "fingerprint": "7d678790fcd918420ac4a79e956d3bfc1c3423d3b8dd5c872c91c935d84dd583",
        "indexedBy": "host",
        "summary": "hermesc and shermes, per user host",
        "assets": {
          "darwin-arm64": "hermes-host-darwin-arm64.tar.gz",
          "darwin-x64": "hermes-host-darwin-x64.tar.gz",
          "linux-arm64": "hermes-host-linux-arm64.tar.gz",
          "linux-x64": "hermes-host-linux-x64.tar.gz",
          "win32-x64": "hermes-host-win32-x64.tar.gz"
        },
        "contents": {
          "darwin-arm64": [
            "hermesc",
            "shermes"
          ],
          "darwin-x64": [
            "hermesc",
            "shermes"
          ],
          "linux-arm64": [
            "hermesc",
            "shermes"
          ],
          "linux-x64": [
            "hermesc",
            "shermes"
          ],
          "win32-x64": [
            "hermesc.exe",
            "shermes.exe"
          ]
        }
      },
      "dehermc": {
        "tag": "tools-636828df1c50",
        "fingerprint": "636828df1c508bd99aff1478e68ccd2ea563f996dda5003c2211603ff5e15e15",
        "indexedBy": "host",
        "summary": "dehermc, déherm's TypeScript transform compiler, per user host",
        "assets": {
          "darwin-arm64": "dehermc-darwin-arm64.tar.gz",
          "darwin-x64": "dehermc-darwin-x64.tar.gz",
          "linux-arm64": "dehermc-linux-arm64.tar.gz",
          "linux-x64": "dehermc-linux-x64.tar.gz",
          "win32-x64": "dehermc-win32-x64.tar.gz"
        },
        "contents": {
          "darwin-arm64": [
            "dehermc"
          ],
          "darwin-x64": [
            "dehermc"
          ],
          "linux-arm64": [
            "dehermc"
          ],
          "linux-x64": [
            "dehermc"
          ],
          "win32-x64": [
            "dehermc.exe"
          ]
        }
      },
      "native-artifacts": {
        "tag": "libs-52a1faec5d17",
        "fingerprint": "52a1faec5d177f7df14b4d76b33336b9c2db07f0c5e179febc765a612ae1df98",
        "indexedBy": "bundleTarget",
        "summary": "Hermes release/debug libraries plus generated target config, per Defold bundle target",
        "assets": {
          "arm64_sim-ios": "hermes-arm64_sim-ios.tar.gz",
          "arm64-android": "hermes-arm64-android.tar.gz",
          "arm64-ios": "hermes-arm64-ios.tar.gz",
          "arm64-linux": "hermes-arm64-linux.tar.gz",
          "arm64-osx": "hermes-arm64-osx.tar.gz",
          "armv7-android": "hermes-armv7-android.tar.gz",
          "x86_64-android": "hermes-x86_64-android.tar.gz",
          "x86_64-linux": "hermes-x86_64-linux.tar.gz",
          "x86_64-osx": "hermes-x86_64-osx.tar.gz",
          "x86_64-win32": "hermes-x86_64-win32.tar.gz"
        },
        "contents": {
          "arm64_sim-ios": [
            "libhermes.a",
            "libhermes.debug.a",
            "libhermesvm-config.h"
          ],
          "arm64-android": [
            "libhermes.a",
            "libhermes.debug.a",
            "libhermesvm-config.h"
          ],
          "arm64-ios": [
            "libhermes.a",
            "libhermes.debug.a",
            "libhermesvm-config.h"
          ],
          "arm64-linux": [
            "libhermes.a",
            "libhermes.debug.a",
            "libhermesvm-config.h"
          ],
          "arm64-osx": [
            "libhermes.a",
            "libhermes.debug.a",
            "libhermesvm-config.h"
          ],
          "armv7-android": [
            "libhermes.a",
            "libhermes.debug.a",
            "libhermesvm-config.h"
          ],
          "x86_64-android": [
            "libhermes.a",
            "libhermes.debug.a",
            "libhermesvm-config.h"
          ],
          "x86_64-linux": [
            "libhermes.a",
            "libhermes.debug.a",
            "libhermesvm-config.h"
          ],
          "x86_64-osx": [
            "libhermes.a",
            "libhermes.debug.a",
            "libhermesvm-config.h"
          ],
          "x86_64-win32": [
            "hermes.lib",
            "hermes.debug.lib",
            "libhermesvm-config.h"
          ]
        },
        "compatibility": {
          "kind": "deherm.native-artifact-compatibility",
          "sha256": "201a2a3626b57fa786ff71b3a0966bbcf21943ef5f1ed02d2880c18e4920a584"
        }
      }
    },
    "releaseAsset": "https://github.com/ts-defold/deherm/releases/download/{tag}/{asset}"
  },
  "generation": {
    "schemaVersion": 1,
    "projectGeneratorSha256": "c12ba254e6c01594316d08c23e605f0fd2cd93d1c61a16df9fd203deb2a3f2dc",
    "nativeExtensionGeneratorSha256": "7c85459ce52d51aaf1e2d184615be90af562b8916699327c9968ae1c214073a1",
    "nativeExtensionClang": {
      "required": false
    },
    "staticHermesInputs": {
      "outputs": {
        "script-universal-value.ts": "33c9581fe6ea668cd266dbfcd3cf905f2f84277d775ef23d65d7c366c9a245b0",
        "script-typed-native-bridge.ts": "d8b7183d3f003300e068f840673221d15dae9d68be9f98310ec993fd9fb3eb1f"
      }
    },
    "cacheKey": "d31c77f5a762521c800feeff30efec4200f99c1eea95fa0fe0e25b4799747eb9"
  },
  "defoldResolution": {
    "schemaVersion": 1,
    "revision": "7f0f554f41f9dce1e0ddff99bf08200657d1ee05",
    "source": "extender-build",
    "authority": "historical",
    "evidence": {
      "archive": ".internal/cache/arm64-osx/build.zip",
      "platform": "arm64-osx",
      "size": 8589188,
      "modifiedMs": 1790273365550
    },
    "via": "deherm-lock"
  },
  "defoldSurface": {
    "layer": "user-cache"
  },
  "generationMerkle": {
    "schemaVersion": 1,
    "engineRoot": "8dc30093b20ef6637251739180633289c33040a2fa435f04b3df230eac54331c",
    "nativeRoot": "0499f56f899a668241f171e213759fcdd4c92a6f6a08c8d50a946672766eb363",
    "root": "56c4562250ebf8186ae9fb748a653107da73c89aa3928f0728d248963ce8f29c"
  },
  "inputs": {
    "valueLayoutsSha256": "a70876547c5c36d0dde6d6a3bf2e51c46dc0d00de6e46918eb01f82b149c7de3",
    "componentContractSha256": "68d10d5b9d1611c63ed63fcf7e3a107d20a3ed6ba3ccdf3df409466595289032",
    "scriptIrSha256": "178b8be87bf00c549462c55857901fdc709c231a59fe218a6f5d974fc210c2a3",
    "dmsdkIrSha256": "c6736591d3336bb0bfef8902fab4ea17b7883c44c35d04bce1dd256e5c2969b5",
    "scriptDispatchSha256": "dc668e3d12967ddb57a06d73b871365273c6a1560c85eef2d69ce8bd31fab02b",
    "scriptPatternsSha256": "dfc33630937b6c1e5982c64f3e42262c5f637c210c5c4e0af429dd5efab29a5b",
    "dmsdkPatternsSha256": "f82185471cccd913c313c25f9c075c495daccab8cb5d1135e2ffd0ec73d47a17",
    "scriptProbesSha256": "e0fa344053537521bd254b2bd38bf85f8b9b1304c4d4fd0d6d64db166c705ac7",
    "scriptAccountingSha256": "4737d5e663cd1e0e77924a77f0d2f0d93bddfc95a49246de6a0aa720ef586f88",
    "scriptUniversalSha256": "6334b454c2c3172030396dc2ff95721fd226f229b3c337ece99a2dd670b6d3b0",
    "scriptProfilesSha256": "5d03862ee902d5ef1c1bb7b3187873616a76608a45bdcc862269e4632b3ec188",
    "loweringPlanSha256": "5d4b93e60d6393840da5b02271ba42978d685a59c59464eea234fd592f837195",
    "loweringPlanSentinelSha256": "3ffc751f1736e1c9a32d1e9ebec012afeaaff89e8d64c28a099ddf27f7544a31",
    "dmsdkThunksSha256": "c20f04ba8a87115b34d260e5e1c114b9f1e3c5094cd28d5de4a40c3519278f09",
    "dmsdkUniversalSha256": "6aef97c1e3c1046f7170afae133500da4e488e6a84ddee5d69270da40a0df239",
    "resourceSchemaSha256": "8115043c9dc8626b254bca01ddbae853a1a4ebfec709d703eacee770ffc7c970",
    "resourceNamespacesSha256": "9893e932b1e41d3064e95c12812884b62456857c27e16274fba3671941e2b728",
    "toolchainSha256": "f56d7abcacd00c2cfe61f4784a69d6b9df49b5f41685c20bd03ab1f733688d02",
    "sdkSourceSha256": "4ab1bc4aeafde11b627c628aa8be2f7905fb70d5fca3aee808608f6effb16010",
    "repositorySourceSha256": "16f6752ea9b9f7e1e774aa5e13bc19e6a4501e94c27eb9d9912f27f0557c78e3"
  },
  "generatedOutputs": {
    "output": {
      "script-contexts.json": "a9c779af4cc475a3f84e25b4896a4a4e295c18569cba912d8e36c334f4c7c513",
      "generated/native-extensions/index.json": "50bd719b098dfd90f06544b4921a5be2e70847783ebdb7a887f2e47d41a6a383",
      "sdk/contexts/shared.ts": "0b612c063a73f6d63187bc6da786f50e67e1a25376a8f0e0d155d1e0bc7fdf8e",
      "sdk/contexts/game-object.ts": "6e9873278c111dd83a683a0d0bca97304c769d0e9463dc40cb75a2fe223b17ae",
      "sdk/contexts/gui.ts": "d3c8d111a6ded9f87c1b92a7c91df5c32bf7b77e3c50a910df08427a5515bec7",
      "sdk/contexts/render.ts": "50c7483fe4752044b89d429128672473dddc257c936756c1f7549ffc6c0e51bb",
      "static-hermes/generated/script-universal-value.ts": "33c9581fe6ea668cd266dbfcd3cf905f2f84277d775ef23d65d7c366c9a245b0",
      "static-hermes/generated/script-typed-native-bridge.ts": "d8b7183d3f003300e068f840673221d15dae9d68be9f98310ec993fd9fb3eb1f"
    },
    "project": {
      "tsconfig.deherm.base.json": "0c877d4615c6356293850c647d0f603d348803b80030dace8bf8f887c7c26b36",
      "tsconfig.deherm.shared.json": "08fe90d57e0bf6ff6d8b6527f8f5ccaeb6f40c0a64b0bd03b10012a8344ac634",
      "tsconfig.deherm.game-object.json": "872bdeffc3738bdba7b9171782695c393039519eb2f0ed2338b35e2c59a985ed",
      "tsconfig.deherm.gui.json": "0b9e6cc28c01f9f0a5bda37255fb2cd1dd2401f80b11b54f9d16815dc53ab9c1",
      "tsconfig.deherm.render.json": "6b7a54eaa66dba9959fb0c0cd915e2b273ce2e57043d13b850d0d0fa277455c3",
      "tsconfig.deherm.bundle.json": "128eac3168a6ca0f2a3cd676e795d9f83ad8486f0cc7eb873d443cac52bada4f",
      "tsconfig.deherm.release.json": "f5ad9c46685754af216ba75823c579e8585cd341d0d190b719b7a0113cfb0c26",
      "tsconfig.deherm.json": "0666a9440af963a2797ddb9ecea8cebd95783bfe0ce2f6a6b8c614b25ce4c6ba"
    }
  },
  "generatedSdkSha256": "97ed01c504835deff47109c2da040a6bacb0f1e288e27fc7fff3bd9fa6e6f320",
  "nativeExtensions": {
    "headerCount": 0,
    "generatedRouteCount": 0,
    "blockedRouteCount": 0,
    "keyedOutput": "7f0f554f41f9dce1e0ddff99bf08200657d1ee05/d31c77f5a762521c800feeff30efec4200f99c1eea95fa0fe0e25b4799747eb9",
    "treeSha256": "001170eb3790faa6b0ea8dbf73f7cbc20d5cb4ba3418d9bca00a302449fbd0fc"
  },
  "engineProfiles": {
    "source": "defold-default",
    "manifest": null,
    "manifestSha256": null,
    "defaultProfileId": "default-legacy-bullet",
    "platforms": {},
    "catalogSha256": "33ab628fb2dc8e58b5296346f189892f54fa2a23ee3f4c5b063300299066936b",
    "handshakeSchema": "deherm.script-route-capabilities/v1"
  },
  "buildArtifacts": {
    "schema": "deherm.build-artifacts/v1",
    "artifacts": {
      "defold_hermes_typed_native/ext.manifest": {
        "kind": "generated-sources",
        "outputs": {
          "defold_hermes_typed_native/ext.manifest": "82f56f6f577ca54da24dc906c92ec4dd1d62e494797fa4f28f823f8803b842a3",
          "defold_hermes_typed_native/include/deherm_typed_native_prelude.h": "595ea32ebdcccbc5ceca91ca50dcc91f74842299f8a13bcf901f1903b0a71cad",
          "defold_hermes_typed_native/include/hermes/Support/sh_tryfast_fp_cvt.h": "765d5904d92d2fbfe1c0fbd7a7da1c1e50f3b66a467b21f4721538a444386d15",
          "defold_hermes_typed_native/include/hermes/VM/SHRuntimeHermesValueFields.def": "14a74c4ba6b0fb792001f3fb7a10aab241726d5c184a9c0c9d1b06aec0ee5c8d",
          "defold_hermes_typed_native/include/hermes/VM/sh_config.h": "eff5aea23fdcef84aea02c24c85cb52a1470b18664bafd154373b169c566e249",
          "defold_hermes_typed_native/include/hermes/VM/sh_legacy_value.h": "b6bdafa31f0852d3b3aa739a8fcc3435595f0a2412ac83a71681f0a78527b1f3",
          "defold_hermes_typed_native/include/hermes/VM/sh_mirror.h": "6bdeb232a7fcf3763bb5acb2ab00d8e88042910e3ec36a70c66346f14f20d7b9",
          "defold_hermes_typed_native/include/hermes/VM/sh_runtime.h": "0a4d286b067f1d7a03e78257988999610a21149ee572af02b131828ddd44742a",
          "defold_hermes_typed_native/include/hermes/VM/sh_segment_info.h": "6f8075cdb2f7bc87b4e3e99a4ca67be69c63a01a8348a3e944ad3cd9b7b8ca22",
          "defold_hermes_typed_native/include/hermes/VM/sh_small_hermes_value.h": "443bc19b5a3d1e93b23f691e772e5efc111500238e302aa4a6886c37e4827cc3",
          "defold_hermes_typed_native/include/hermes/VM/sh_stack_frame.h": "ace7acbab596673788050a518451fcc32ddb6a1cc7672445fea2e70a07085255",
          "defold_hermes_typed_native/include/hermes/VM/static_h.h": "fafffcd691e05e1ca73ffc1f63ec7b748cd2b99fffabce98a037864a8327c9c8",
          "defold_hermes_typed_native/include/hermes/VMLayouts/sh_stack_frame_layout.h": "3cc3bb34a4e69bb7b5a8da25f59d70d3b79e2c606a0e84a4bc36f767fd79f179",
          "defold_hermes_typed_native/include/libhermesvm-config.h": "12b69de6e7090980d33bfa7cc4cabc5e32a98ef292249b8f4f49ec855041ec59",
          "defold_hermes_typed_native/manifest.json": "864a5c0d61c3318fd41af8a97993abd3baae14621004a3477964f27a19dc02cb",
          "defold_hermes_typed_native/src/deherm_typed_native_extension.cpp": "7b7c5ac2f31045c747d0de4ab50e37f17f5bfbeb58ae5c758a108579a1b83f3e",
          "defold_hermes_typed_native/src/deherm_typed_native_unit.cpp": "4dc1260c936295a0631c66742087b31b01b6266f3c35b909b76787d5d0af2fbc"
        },
        "build": {
          "generator": "scripts/assemble-typed-native-extension.mjs",
          "transport": "typed-native",
          "unit": "sh_export_deherm_typed_native",
          "profile": false,
          "toolchain": {
            "deherm": "0.0.0",
            "esbuild": "0.25.10"
          }
        },
        "sources": {
          "digest": "6b04843f81df618c259ed7173cfdef47fa53a06b9902abead114ef062ab5e5bc",
          "fileCount": 2,
          "files": {
            ".deherm/static-hermes/generated/script-typed-native-bridge.ts": "d8b7183d3f003300e068f840673221d15dae9d68be9f98310ec993fd9fb3eb1f",
            ".deherm/static-hermes/generated/script-universal-value.ts": "33c9581fe6ea668cd266dbfcd3cf905f2f84277d775ef23d65d7c366c9a245b0"
          }
        }
      },
      "deherm/app.dehermc": {
        "kind": "bundle",
        "resource": "/deherm/app.dehermc",
        "fingerprint": "545729fc3b77e8f2f6ee439983328b70f391f7d77b8c234cac5e263484f5b0e2",
        "outputs": {
          "deherm/app.dehermc": "044cba5988f6f57331e41c2a1af5e89469aaa915da39042dbc555197116f2806"
        },
        "build": {
          "entryPoint": "main/player.script.ts",
          "preludeEntries": [
            ".deherm/generated/components/registry.ts"
          ],
          "tsconfig": "tsconfig.deherm.bundle.json",
          "target": "es2020",
          "format": "iife",
          "platform": "neutral",
          "sourcemap": true,
          "ttsc": true,
          "define": null,
          "toolchain": {
            "deherm": "0.0.0",
            "esbuild": "0.25.10"
          },
          "syntheticInputCount": 1
        },
        "sources": {
          "digest": "fc5286334d68e740bfc5ff94a2365a04e93b394e1ee4885f31fc9946b723cd60",
          "fileCount": 71,
          "files": {
            ".deherm/generated/components/registry.ts": "2d47bf26dadbbaebd9a26053188c4237d03b32f4bf64c3b486aa66339887889c",
            ".deherm/generated/dmsdk-call-symbol-index.json": "5b42fdf93957d7f5448f21e7f3b8cb6e5335dc6431d84136a0dad3d9d91f2b88",
            ".deherm/generated/resource-symbols.json": "6adea1a8307530b2a97a0e655ce26653398cec4e894095dc72f4dddebaa156fb",
            ".deherm/generated/script-route-symbol-index.json": "f84803f7263badcf78f220da53d4229ec7f8d75abed425d71e316fafe9e168fd",
            ".deherm/sdk/address.ts": "32420294482945e853794417e35e5614224af893df0338901259e63b62176649",
            ".deherm/sdk/component.ts": "e7d11b15d946a6f122925a62ae3dd77307939595d2f140f9815ae4f2ee11650e",
            ".deherm/sdk/contexts/game-object.ts": "6e9873278c111dd83a683a0d0bca97304c769d0e9463dc40cb75a2fe223b17ae",
            ".deherm/sdk/contexts/gui.ts": "d3c8d111a6ded9f87c1b92a7c91df5c32bf7b77e3c50a910df08427a5515bec7",
            ".deherm/sdk/contexts/render.ts": "50c7483fe4752044b89d429128672473dddc257c936756c1f7549ffc6c0e51bb",
            ".deherm/sdk/contexts/shared.ts": "0b612c063a73f6d63187bc6da786f50e67e1a25376a8f0e0d155d1e0bc7fdf8e",
            ".deherm/sdk/defold.ts": "321b4bbd0744a5910880e7b1f37a537e8eea17c6d145294a2b3764fd3cb628d9",
            ".deherm/sdk/generated/dmsdk/borrowed-handle.ts": "999407d1e6aab4ff466af2a41908b358f6f3f0a29f636ba7a2a2c3b952958533",
            ".deherm/sdk/generated/dmsdk/browser-arena.ts": "79c095743aa2c800a1244d85f09d98cbcecd729c5137f3d1f97f13389368ea04",
            ".deherm/sdk/generated/dmsdk/cstring-value.ts": "4077730cac0790dc8f995ae0b211caa4290f0cd8b2f2959255fcd00d0e06b456",
            ".deherm/sdk/generated/dmsdk/enum-value.ts": "1e819070fc5b7289d5ff12980bd0325cc26535e50e9037dd928ac1fc51523db1",
            ".deherm/sdk/generated/dmsdk/index.ts": "6a5fc85dd41fa150995a703271b080799b3a056fcb8a19a415b3602b8122af26",
            ".deherm/sdk/generated/dmsdk/named-scalar.ts": "9f7e8f268f497e7f504544e63702e0ed61bd86f8177af0cb2f8209215fc20cbe",
            ".deherm/sdk/generated/dmsdk/runtime.ts": "34088132599e703809570a1d604bd912a32204835c82a6b363646ca399926f4c",
            ".deherm/sdk/generated/dmsdk/scalar.ts": "8c12e875b9d6cc1998a937e68b5eeea40f83bb54e0c0fcf76f494b2ae1ef5267",
            ".deherm/sdk/generated/dmsdk/scratch-scalar-out.ts": "ad871b1ed12b8708aa7d79a770cf5cd658d46c24c7c960375d1d835f86d1612a",
            ".deherm/sdk/generated/dmsdk/types.ts": "fecc16e80b3e7559f9964bcc409067078af2e04818e2a8724a1b9adda5c4fb96",
            ".deherm/sdk/generated/dmsdk/universal.ts": "4e59f86ea873139059ee89430dcb534cf11eab5e115207a12eaf39f131073ba8",
            ".deherm/sdk/generated/script/browser-target-support.ts": "4de2ba390aef3354cbdd498617ce92820975a99077d26ce116a43fed4532e9c8",
            ".deherm/sdk/generated/script/callback-lifecycle.ts": "4ee27cecb760e57642a79ecd5871cea1d24f91ed80b900e7e781c212016e46ca",
            ".deherm/sdk/generated/script/copied-value-record-blockers.ts": "d68694fe3ae2565f618a0460f583de864fdfa4edf2dee631b7475a2a39fe710e",
            ".deherm/sdk/generated/script/dynamic-values.ts": "af9b91e6dd8d8c431d4d7b59c321c728b585ec893c6e1d8c69b806e1d0ec5e57",
            ".deherm/sdk/generated/script/fixed-tuple-target-support.ts": "978c23536e651a41fc34324b56253701ce3ad08bd3abd6a36d7331d681f6dc4a",
            ".deherm/sdk/generated/script/handle-lowering.ts": "b3dd14aa4aea70b3a442219082b65f63922f6a2bb39ddc57f03c55fb53f74504",
            ".deherm/sdk/generated/script/index.ts": "e0cd5869554f13a58e3674a306164b0745bac5ea4c34a2fb5bcfdaf6aa4f421a",
            ".deherm/sdk/generated/script/modules.ts": "085869ee2befd9669207132375f269b7ac88f26fdee8656e156c293c3d347192",
            ".deherm/sdk/generated/script/opaque-record-blockers.ts": "fd9b7e8da17d7e6e216dda5026fb410c22620f7cbb28ccc65939d32600d486d1",
            ".deherm/sdk/generated/script/overload-dispatch-target-support.ts": "5aaaa6feff48b476caa22535e5e84a92afcaf41234a658eaa13c9c14988db37d",
            ".deherm/sdk/generated/script/runtime.ts": "d1ea23efc516baddf661c9d89f3dabfd0b1016a641365e7b91d8cc7576749072",
            ".deherm/sdk/generated/script/table-record-bindings.ts": "b207593ee61f9932240e3f6c282d257e9a4df58636d226786650390cc9f7abb4",
            ".deherm/sdk/generated/script/types.ts": "9a4e0e54df9a15c7f378209a78fab3d0a88c38647179e0d670057ba3e1e5fb73",
            ".deherm/sdk/generated/script/universal-value-bindings.ts": "8d1a08c40996df35e2b35c070022948c90a70a3409e64f46d8b5ae40d9b8342f",
            ".deherm/sdk/generated/script/url-target-support.ts": "adcb06373ce840e950f532a49e49eacda85a567998aa96a8dfbdd2c32f1f4a1b",
            ".deherm/sdk/generated/script/value-tail-target-support.ts": "b53f885a0948fbef97230b46571f4e5a9a61f65905dab8ec2abbf44d1533b192",
            ".deherm/sdk/generated/script/value-target-support.ts": "814dfc5607f9473fed1797f4a10ee46a393f996d18253cee1c222ffcf9782bca",
            ".deherm/sdk/hmr-state.ts": "6f8978f80140dfddd64a43713e07517647e54f799e90f1cce89686678502f47a",
            ".deherm/sdk/host.ts": "ba91526451338a7ee9a531e6e6cad95ebbcd25b215b6c461449e92d349de8cad",
            ".deherm/sdk/index.ts": "17e64b435e8501bbd620bfc0fade361ae95f1972ea14b981bbd50df903d0c6c4",
            ".deherm/sdk/runtime.ts": "84a733642d38d5887bc16b1f472c5f1834ba8dc69928e8eace97cebe6ecf8988",
            "main/arena.script.ts": "9e69ede93f2bb8d0b8dcf225170630de16aacf52793baaf140c9471b36ef95fc",
            "main/camera.script.ts": "c01c59c663838c359f94026bc470567d225e8178396e2eabd9df73dda032842f",
            "main/pickup.script.ts": "a3d751d7f3776a88e877256913df446d6f94c43c5b9d07e6d7cb9629ca11e537",
            "main/player.script.ts": "04fa993a489a88863b0eaedb2c42cfd76f75a1cb21dceacbe12b55e48ca07962",
            "main/rocket.script.ts": "cc4a49d488dce536b26523ade40e522686756a534739876d022c949e5ca73513",
            "main/tank.script.ts": "da0679fb839a86a785fb8b4d5688f609b82228cc139603422b94241a32a1ae9f",
            "main/ui.gui.ts": "70431f0b5451d95ecfd663f1e96e9d4b618e7f20835f8eba993c319dfbe9deb7",
            "reference/battle.gui.ts": "dd62661cd377a1ab2fa6f28ab3963045dc09dbac9b22f990b7bf3195174fcae9",
            "src/arena-match.ts": "a73a7a5353e7b5e8bc9bfbb8a356dbd50c043ac2ff3acd273bf2091b93fde7fb",
            "src/capability-snapshot.ts": "1cc3bcb6342ff5dbbe53769645d426bb24e0f99eec5067a3995762e091625bf7",
            "src/generated-war-battles/arena.ts": "462c66b4d25ba9725f09434c6581ad8a59e717b009904deecb9d66359374320e",
            "src/generated-war-battles/bots.ts": "f12c0319704ca45f10e2257d91af9642c89f46bec634ed5c8676869f2b858cc8",
            "src/generated-war-battles/browser-websocket.ts": "2694bf17466278b8df80ff6e75e1e8a836e4c40b657d23b4f1f6f4168d0554d4",
            "src/generated-war-battles/browser-webtransport.ts": "40f0de456d95bce8d9e54aa37c0f835f91192f09227df6ca9b699409dd799d94",
            "src/generated-war-battles/client.ts": "282a951e1b31f5cc076d145766a6c63d4937ebd7d8aae1b2c4def806b5b7ea28",
            "src/generated-war-battles/constants.ts": "c04b520288cf03663abd2a26f36de86187166bb3456e54245c2b57bb5266bbe6",
            "src/generated-war-battles/content.ts": "b95ef0175eea497ba6f3689686ce848e875d439bd4ac5865fae6da190d1e322b",
            "src/generated-war-battles/events.ts": "f6dbef6f45fd8c485017971a6b6d8284be0279b55ae6188d859a9d2af95bf453",
            "src/generated-war-battles/fixed.ts": "d0cf2a0d5341ad92a878926f0164c00ec6627edf66b533fff8776fbc4ea6e654",
            "src/generated-war-battles/index.ts": "e1a22c550d48d9ad033cd6c3a44a0be85d13661448f7b536bf50176cb6f3ba11",
            "src/generated-war-battles/playable.ts": "e4877bb3c02136461ab35ad512b3840456612b3ab7c639cbf3679c4bb0be1b6d",
            "src/generated-war-battles/protocol.ts": "578060dd294c9cefae60257e5b32c9bd95dcf71fb0113d1bb2450cec1fab76eb",
            "src/generated-war-battles/snapshot.ts": "6ccf516c780ffd44d12b72c0796bbd29ebf04b4e21933b878734528eb1b15aed",
            "src/generated-war-battles/transport-selection.ts": "b1240eb8d85506a796d4ffb3d93be5349bb6020fc5b71d023c4f4723abf5e27e",
            "src/generated-war-battles/transport.ts": "dbdcac7a730db5c5352180f98abcf4cef9e195b97117cbdf254b2a8d59ab6f6d",
            "src/generated-war-battles/world.ts": "e57024b20e764edaa7f61e59d8fe38046e746a71b46de3f1531e9812c473df81",
            "tsconfig.deherm.base.json": "0c877d4615c6356293850c647d0f603d348803b80030dace8bf8f887c7c26b36",
            "tsconfig.deherm.bundle.json": "128eac3168a6ca0f2a3cd676e795d9f83ad8486f0cc7eb873d443cac52bada4f"
          }
        }
      }
    }
  }
}
