{
  "schemaVersion": 1,
  "defoldRevision": "7f0f554f41f9dce1e0ddff99bf08200657d1ee05",
  "generator": {
    "package": "@ts-defold/deherm",
    "version": "0.0.0"
  },
  "toolchain": {
    "bob": {
      "url": "https://d.defold.com/archive/7f0f554f41f9dce1e0ddff99bf08200657d1ee05/bob/bob.jar",
      "sha256": "8a8a8c4ebc725279d8ddae17c4eb3d72d6db90a498302960ca341e61fa489cb8"
    }
  },
  "generation": {
    "schemaVersion": 1,
    "projectGeneratorSha256": "cb7d7d4f046aa174112cbdfe41f330f34a861d2f84d7b9f161a3d8e54a5a2229",
    "cacheKey": "3f6c14ecb07896f5a80747f1327cb4871411ec593c1edb8456aa0ce31fb344a3"
  },
  "defoldResolution": {
    "schemaVersion": 1,
    "revision": "7f0f554f41f9dce1e0ddff99bf08200657d1ee05",
    "source": "extender-build",
    "authority": "historical",
    "evidence": {
      "archive": ".internal/cache/arm64-osx/build.zip",
      "platform": "arm64-osx",
      "size": 7770610,
      "modifiedMs": 1789784960357
    },
    "via": "deherm-lock"
  },
  "defoldSurface": {
    "layer": "packaged"
  },
  "generationMerkle": {
    "schemaVersion": 1,
    "engineRoot": "fe624a8cc74dab7356855414411a0738d1b8cacb8b30064261cb13b7ac38f84e",
    "nativeRoot": "73040c9e8dde0741c0d60703ba9320fc91ebe7e23833367682c94ecadc9bb369",
    "root": "b4b53c5b6634d47ef59631bafa0273a558b7eb9eb1b7928c4e5629c53c170da8"
  },
  "inputs": {
    "scriptIrSha256": "1e7e05b70976fb689b8416ecff7b5911122de0691d7f76a6a7455e20e3630049",
    "dmsdkIrSha256": "1d8fb35dbfe7841a6a6d5ab493ff909d46a01fdfe47e26337d1b5666a55977c1",
    "scriptDispatchSha256": "f46487b5ee36cb44f4c0fe36bb5ab2313d363e0214ba96db48eff5930392a48d",
    "scriptAccountingSha256": "2124afd2041fc8192a11b42acfa96035e30294e8470561be024f110ebcae5f56",
    "scriptUniversalSha256": "ffdc662711897b646b97eba185323bef9d31701b9f7b62a13a980eda9354f325",
    "scriptProfilesSha256": "c0e3a3928cea05d3ddab734917d11914b5ee2b80640eb06433303a90cc135b66",
    "loweringPlanSha256": "e9004a7e1add7e18f2b70da8340d8832d46e1314705555ea6ad3998ae4791d4c",
    "loweringPlanSentinelSha256": "3224f98a78078eca707d96a7ecf1c22446d08aa2e50a503c8a1812f52e68e9d8",
    "dmsdkThunksSha256": "2753d482e4b1742bb05535f9cd8b5abcea8afc018c7313cafc169bbd4b879a9d",
    "dmsdkUniversalSha256": "323c2afcec7adfb287291a0b1030924d753dd97db337bf436a7cdfbef04f48ca",
    "sdkSourceSha256": "f6a9665dbb5f55aa9fcd8867e914fc34b181f3861693bc3a0cca2db5901e631a"
  },
  "generatedOutputs": {
    "output": {
      "script-contexts.json": "128d69ad4f20ba8b49b668e20d18db67f91025985168243288f42aa7f9cf9af4",
      "sdk/contexts/shared.ts": "f9fbf6bad84413a3fc4da22499b431e8a1a23e787ef6082e8935a2c3ad651784",
      "sdk/contexts/game-object.ts": "f78f5740bb6eb06bf903f8de41a5ff30206b2b5eeb841c12568aa6ac00cd6ed7",
      "sdk/contexts/gui.ts": "cf03743da2030749d238eefa30eab9cd6819a5cbcc28720cd017e52749b53026",
      "sdk/contexts/render.ts": "e30bdffd3fe0499c1f05bc75952dc189df8164ca80dbd50cb90e31dd86377d29"
    },
    "project": {
      "tsconfig.deherm.base.json": "81cd0de755cd26cc8f7cf65a7bd59752393ac7481b03aaccbd997cc88a76e5ce",
      "tsconfig.deherm.shared.json": "951abfe19c322572fff092c56434e9cf8d8bcb2af2bc381127ed5f3a248b9e5b",
      "tsconfig.deherm.game-object.json": "7e53c986a39f5a90a032eb327e3fd5f53b7cacac627b2a6808fc09d3915f646b",
      "tsconfig.deherm.gui.json": "51ae66826bd3cbf531a87d8bdd20a84edfc2312b5eb78718bb04e15dea2f11b7",
      "tsconfig.deherm.render.json": "0c7badeaf96234c7fc13f0842279c47bc0ba4507304b1bad9b0436ce0fa71d9a",
      "tsconfig.deherm.bundle.json": "2d59f71834abc8d93dc3fb6b4fc8d22a628b6e7840b6196113930d0eaa26b09b",
      "tsconfig.deherm.json": "0666a9440af963a2797ddb9ecea8cebd95783bfe0ce2f6a6b8c614b25ce4c6ba"
    }
  },
  "generatedSdkSha256": "c0fb7eb4ab8c65da2235ac7115d988a1b244cae72d38067442d39b99ee1efd06",
  "engineProfiles": {
    "source": "defold-default",
    "manifest": null,
    "manifestSha256": null,
    "defaultProfileId": "default-legacy-bullet",
    "platforms": {},
    "catalogSha256": "33ab628fb2dc8e58b5296346f189892f54fa2a23ee3f4c5b063300299066936b",
    "handshakeSchema": "deherm.script-route-capabilities/v1"
  },
  "buildArtifacts": {
    "schema": "deherm.build-artifacts/v1",
    "artifacts": {
      "defold_hermes_typed_native/ext.manifest": {
        "kind": "generated-sources",
        "outputs": {
          "defold_hermes_typed_native/ext.manifest": "82f56f6f577ca54da24dc906c92ec4dd1d62e494797fa4f28f823f8803b842a3",
          "defold_hermes_typed_native/include/deherm_typed_native_prelude.h": "595ea32ebdcccbc5ceca91ca50dcc91f74842299f8a13bcf901f1903b0a71cad",
          "defold_hermes_typed_native/include/hermes/Support/sh_tryfast_fp_cvt.h": "765d5904d92d2fbfe1c0fbd7a7da1c1e50f3b66a467b21f4721538a444386d15",
          "defold_hermes_typed_native/include/hermes/VM/SHRuntimeHermesValueFields.def": "14a74c4ba6b0fb792001f3fb7a10aab241726d5c184a9c0c9d1b06aec0ee5c8d",
          "defold_hermes_typed_native/include/hermes/VM/sh_config.h": "eff5aea23fdcef84aea02c24c85cb52a1470b18664bafd154373b169c566e249",
          "defold_hermes_typed_native/include/hermes/VM/sh_legacy_value.h": "b6bdafa31f0852d3b3aa739a8fcc3435595f0a2412ac83a71681f0a78527b1f3",
          "defold_hermes_typed_native/include/hermes/VM/sh_mirror.h": "6bdeb232a7fcf3763bb5acb2ab00d8e88042910e3ec36a70c66346f14f20d7b9",
          "defold_hermes_typed_native/include/hermes/VM/sh_runtime.h": "0a4d286b067f1d7a03e78257988999610a21149ee572af02b131828ddd44742a",
          "defold_hermes_typed_native/include/hermes/VM/sh_segment_info.h": "6f8075cdb2f7bc87b4e3e99a4ca67be69c63a01a8348a3e944ad3cd9b7b8ca22",
          "defold_hermes_typed_native/include/hermes/VM/sh_small_hermes_value.h": "443bc19b5a3d1e93b23f691e772e5efc111500238e302aa4a6886c37e4827cc3",
          "defold_hermes_typed_native/include/hermes/VM/sh_stack_frame.h": "ace7acbab596673788050a518451fcc32ddb6a1cc7672445fea2e70a07085255",
          "defold_hermes_typed_native/include/hermes/VM/static_h.h": "fafffcd691e05e1ca73ffc1f63ec7b748cd2b99fffabce98a037864a8327c9c8",
          "defold_hermes_typed_native/include/hermes/VMLayouts/sh_stack_frame_layout.h": "3cc3bb34a4e69bb7b5a8da25f59d70d3b79e2c606a0e84a4bc36f767fd79f179",
          "defold_hermes_typed_native/include/libhermesvm-config.h": "12b69de6e7090980d33bfa7cc4cabc5e32a98ef292249b8f4f49ec855041ec59",
          "defold_hermes_typed_native/manifest.json": "8aa722ee9cfd6b564298449e014c139c227589ed99341bfe9151d42963bc77f2",
          "defold_hermes_typed_native/src/deherm_typed_native_extension.cpp": "7b7c5ac2f31045c747d0de4ab50e37f17f5bfbeb58ae5c758a108579a1b83f3e",
          "defold_hermes_typed_native/src/deherm_typed_native_unit.cpp": "48c9c272a76364452121557d69be845a433501b23253396896922163bf7afa7b"
        },
        "build": {
          "generator": "scripts/assemble-typed-native-extension.mjs",
          "transport": "typed-native",
          "unit": "sh_export_deherm_typed_native",
          "profile": false,
          "toolchain": {
            "deherm": "0.0.0",
            "esbuild": "0.25.10"
          }
        },
        "sources": {
          "digest": "457f8a5f05d641d8a912846b67f22e6c8e666bfed5f6be3380d58806fd8652a2",
          "fileCount": 2,
          "files": {
            "../../../packages/static-hermes/src/generated/script-typed-native-bridge.ts": "71a5383a4fa616f7014358600d0c546fe2c6cb65038be836ae44cf3b2633cb3b",
            "../../../packages/static-hermes/src/generated/script-universal-value.ts": "33c9581fe6ea668cd266dbfcd3cf905f2f84277d775ef23d65d7c366c9a245b0"
          }
        }
      },
      "deherm/app.dehermc": {
        "kind": "bundle",
        "resource": "/deherm/app.dehermc",
        "fingerprint": "5de1ceb35e2c5253cfa120b7f1f28f926ebbcc3eb7a32a1a01b2c41a5e8b91f2",
        "outputs": {
          "deherm/app.dehermc": "bd31a1ab8700a62cba92c6808b04e7f18002778d725915a8a044408e84718215"
        },
        "build": {
          "entryPoint": "main/player.script.ts",
          "preludeEntries": [
            ".deherm/generated/components/registry.ts"
          ],
          "tsconfig": "tsconfig.deherm.bundle.json",
          "target": "es2020",
          "format": "iife",
          "platform": "neutral",
          "sourcemap": true,
          "ttsc": true,
          "define": null,
          "toolchain": {
            "deherm": "0.0.0",
            "esbuild": "0.25.10"
          },
          "syntheticInputCount": 1
        },
        "sources": {
          "digest": "c58af6c57368cc13602b0197912027cf4e982c80be1cce666bac95d58076f0b0",
          "fileCount": 42,
          "files": {
            ".deherm/generated/components/registry.ts": "242e47ddc478fc63b95af757e52f370d4302c83ead219ff0690f298b2c640e79",
            ".deherm/sdk/address.ts": "32420294482945e853794417e35e5614224af893df0338901259e63b62176649",
            ".deherm/sdk/component.ts": "18e333f993c3de6ff36033e17d8b82eecc3ffc7825d137d43d0fd2e25a323929",
            ".deherm/sdk/generated/dmsdk/enum-value.ts": "1e819070fc5b7289d5ff12980bd0325cc26535e50e9037dd928ac1fc51523db1",
            ".deherm/sdk/generated/dmsdk/index.ts": "8b39847935c6dd89930806fca183fc62f54e259dcc50edacdc78daab5b4e9c8b",
            ".deherm/sdk/generated/dmsdk/runtime.ts": "b92e85e9114d1b576137016de4c2864983bd6931a58a3a89d5ded45a2191ef54",
            ".deherm/sdk/generated/dmsdk/scalar.ts": "8c12e875b9d6cc1998a937e68b5eeea40f83bb54e0c0fcf76f494b2ae1ef5267",
            ".deherm/sdk/generated/dmsdk/types.ts": "73d96fff191e0f64719e8a45c4c0afa66aa68870e153b441f9d364c8847d4f80",
            ".deherm/sdk/generated/dmsdk/universal.ts": "202d3adec9f08d3205dc4331a1dbe4fe01a50b94d585339fb960449f7c08aabe",
            ".deherm/sdk/generated/script/browser-target-support.ts": "4de2ba390aef3354cbdd498617ce92820975a99077d26ce116a43fed4532e9c8",
            ".deherm/sdk/generated/script/fixed-tuple-target-support.ts": "978c23536e651a41fc34324b56253701ce3ad08bd3abd6a36d7331d681f6dc4a",
            ".deherm/sdk/generated/script/handle-lowering.ts": "5a587035645a6e46fdf4c5e289948452c7f583f7022d66a0b376f3d73d599183",
            ".deherm/sdk/generated/script/index.ts": "8fc87fc95ddda4e98eb50ff3fb9fe59860a66dbbba4f00e8c39fd0feaea95fac",
            ".deherm/sdk/generated/script/modules.ts": "b99cab0fe1aea0126990f234d759ea2734890d8ebbd36c471fd3659aac446159",
            ".deherm/sdk/generated/script/runtime.ts": "fd4261aaee07e529b01b3540017f585f8a232c4e411204fd45d33e579e93b54d",
            ".deherm/sdk/generated/script/value-target-support.ts": "814dfc5607f9473fed1797f4a10ee46a393f996d18253cee1c222ffcf9782bca",
            ".deherm/sdk/index.ts": "a59c900d88f8a36ade31b2cf1b8bf5f7b3731634da105d51475ef9525f785eda",
            ".deherm/sdk/runtime.ts": "84a733642d38d5887bc16b1f472c5f1834ba8dc69928e8eace97cebe6ecf8988",
            "main/arena.script.ts": "64d522b1806fe60bbca6617c11f295ad13684d95b6265918bb7a5ada6c33565f",
            "main/camera.script.ts": "4595017829c5b33c03a04f8936610aec7fcbf2e35e270e23274fae3fa50f6a5a",
            "main/pickup.script.ts": "868d3376041849b24e4308519e51b5dcac8527585d4e7541e768edf8b22591a9",
            "main/player.script.ts": "5bba61d87fe013886bd4e3447c9ef66782b8fb461a0f28b2c4aafb7338ad4cca",
            "main/rocket.script.ts": "08c1620a9e9fb9258404c5f78d44ac899bc233a794b0c24a95559a3018cedffd",
            "main/tank.script.ts": "862d3f96f580bf74f8111c4ec8c2130f7a41c46e5a39224a5618022698e43295",
            "main/ui.gui.ts": "b29857fc8aad3b3aab23d8afc833359ee4d12ba6840ae39416c86947f732afa9",
            "reference/battle.gui.ts": "712eb7b8775a9a5f9447a64b954181dd70f4a0313a2e25e7abf7e10f8d7405f8",
            "src/arena-match.ts": "e95d3e444f8cd756715a8568cd63ac863117efc34dc0557cb98a25e726b8a8dd",
            "src/capability-snapshot.ts": "1cc3bcb6342ff5dbbe53769645d426bb24e0f99eec5067a3995762e091625bf7",
            "src/generated-war-battles/arena.ts": "de4e50ba1a518e18e3bbc0eaec74807af77b59aaac69a0b6abc611b0cd6b9813",
            "src/generated-war-battles/bots.ts": "48ab38f42117527a33a3f8edc1bf032fcb5d2d2b0d5c378729d919a222e3582e",
            "src/generated-war-battles/browser-webtransport.ts": "0fb86fb98dbbd0f1dcf7c65c5635e33b8966a0285e8c4c3ebce5b309a965ca09",
            "src/generated-war-battles/client.ts": "8412b66e95a206f259a841c8e13bab392237ea74ef96ba346c19ba764e9b20a8",
            "src/generated-war-battles/constants.ts": "b401e6b1b8122dd30d6403c57aa7aace94779857dcbe263e71b339defd415b60",
            "src/generated-war-battles/content.ts": "b80a9516bfd89c233fa1abed06ab7e2aaaad9b181fc21a8ef961ce808d283ce7",
            "src/generated-war-battles/events.ts": "88440289a11aa91f5df65e0d9234a2974a3c38d51c315d8132ce041091a3ca9e",
            "src/generated-war-battles/fixed.ts": "2dbc995b0230edd9893945cec02c695884e67253c79e978bf5fcaf371161f8f1",
            "src/generated-war-battles/index.ts": "f6ef8fcc54bdc261cb2babfbeebc4debc4c3aef3534628032d69db44dae87924",
            "src/generated-war-battles/playable.ts": "5583a28d77c792d2aeffa91750409e831cb475d9ba819b33df1421c971857337",
            "src/generated-war-battles/protocol.ts": "63d939ebae76fbd112f2ba315bad75eb11cbfa5f825b5e70f43b9d2e397ca77a",
            "src/generated-war-battles/snapshot.ts": "fb8b195a3b90111081abeba72ae8e373743eb2c5b0bd8e1ec8edb53e65e25024",
            "src/generated-war-battles/transport.ts": "146850ba5ff99abf86854caaac5de72702d1764ed4c435fc986c46bfa4f190eb",
            "src/generated-war-battles/world.ts": "e3d0396cdcf5ab968576c384c0ea5127ade96c654723f6bf8df4581004ad0ec1"
          }
        }
      }
    }
  }
}
