{
  "schemaVersion": 1,
  "defoldRevision": "7f0f554f41f9dce1e0ddff99bf08200657d1ee05",
  "platform": "arm64-macos",
  "generator": {
    "package": "@ts-defold/deherm",
    "version": "0.1.0"
  },
  "toolchain": {
    "pins": {
      "ANDROID_64_NDK_API_VERSION": "21",
      "ANDROID_BUILD_TOOLS_VERSION": "36.1.0",
      "ANDROID_NDK_API_VERSION": "19",
      "ANDROID_NDK_VERSION": "25b",
      "ANDROID_PACKAGE": "android-36",
      "ANDROID_TARGET_API_LEVEL": "36",
      "EMSCRIPTEN_SDK": "sdk-4.0.6-64bit",
      "EMSCRIPTEN_VERSION_STR": "4.0.6",
      "MACOS_ASAN_PATH": "usr/lib/clang/%s/lib/darwin/libclang_rt.asan_osx_dynamic.dylib",
      "PACKAGES_EMSCRIPTEN_SDK": "emsdk-4.0.6",
      "PACKAGES_IOS_SDK": "iPhoneOS26.5.sdk",
      "PACKAGES_IOS_SIMULATOR_SDK": "iPhoneSimulator26.5.sdk",
      "PACKAGES_MACOS_SDK": "MacOSX26.5.sdk",
      "PACKAGES_WIN32_SDK": "WindowsKits-10.0.28000.0",
      "PACKAGES_WIN32_TOOLCHAIN": "Microsoft-Visual-Studio-2026-14.51.36231",
      "PACKAGES_XCODE_TOOLCHAIN": "XcodeDefault26.5.xctoolchain",
      "SWIFT_VERSION": "6.2",
      "VERSION_EDITOR_JDK": "25.0.4.1+1",
      "VERSION_IPHONEOS": "26.5",
      "VERSION_IPHONEOS_MIN": "11.0",
      "VERSION_IPHONESIMULATOR": "26.5",
      "VERSION_LINUX_CLANG": "20.1.8",
      "VERSION_MACOSX": "26.5",
      "VERSION_MACOSX_MIN": "10.15",
      "VERSION_WINDOWS_MSVC": "14.51.36231",
      "VERSION_WINDOWS_SDK": "10.0.28000.0",
      "VERSION_XCODE": "26.5",
      "VERSION_XCODE_CLANG": "21.0.0",
      "VISUAL_STUDIO_VERSION": "2026"
    },
    "targetMatrix": {
      "authority": {
        "pairs": "upstream/defold/com.dynamo.cr/com.dynamo.cr.bob/src/com/dynamo/bob/Platform.java",
        "targets": "upstream/defold/share/extender/build_input.yml"
      },
      "platformPairs": [
        {
          "bobPlatform": "arm64_sim-ios",
          "extenderTarget": "arm64_sim-ios"
        },
        {
          "bobPlatform": "arm64-android",
          "extenderTarget": "arm64-android"
        },
        {
          "bobPlatform": "arm64-ios",
          "extenderTarget": "arm64-ios"
        },
        {
          "bobPlatform": "arm64-linux",
          "extenderTarget": "arm64-linux"
        },
        {
          "bobPlatform": "arm64-macos",
          "extenderTarget": "arm64-osx"
        },
        {
          "bobPlatform": "armv7-android",
          "extenderTarget": "armv7-android"
        },
        {
          "bobPlatform": "wasm_pthread-web",
          "extenderTarget": "wasm_pthread-web"
        },
        {
          "bobPlatform": "wasm-web",
          "extenderTarget": "wasm-web"
        },
        {
          "bobPlatform": "x86_64-android",
          "extenderTarget": "x86_64-android"
        },
        {
          "bobPlatform": "x86_64-linux",
          "extenderTarget": "x86_64-linux"
        },
        {
          "bobPlatform": "x86_64-macos",
          "extenderTarget": "x86_64-osx"
        },
        {
          "bobPlatform": "x86_64-win32",
          "extenderTarget": "x86_64-win32"
        }
      ],
      "targets": [
        {
          "architecture": "arm64_sim",
          "group": "ios",
          "kind": "bundle",
          "target": "arm64_sim-ios"
        },
        {
          "architecture": "arm64",
          "group": "android",
          "kind": "bundle",
          "target": "arm64-android"
        },
        {
          "architecture": "arm64",
          "group": "ios",
          "kind": "bundle",
          "target": "arm64-ios"
        },
        {
          "architecture": "arm64",
          "group": "linux",
          "kind": "bundle",
          "target": "arm64-linux"
        },
        {
          "architecture": "arm64",
          "group": "osx",
          "kind": "bundle",
          "target": "arm64-osx"
        },
        {
          "architecture": "armv7",
          "group": "android",
          "kind": "bundle",
          "target": "armv7-android"
        },
        {
          "architecture": "wasm_pthread",
          "group": "web",
          "kind": "bundle",
          "target": "wasm_pthread-web"
        },
        {
          "architecture": "wasm",
          "group": "web",
          "kind": "bundle",
          "target": "wasm-web"
        },
        {
          "architecture": "x86_64",
          "group": "android",
          "kind": "bundle",
          "target": "x86_64-android"
        },
        {
          "architecture": "x86_64",
          "group": "linux",
          "kind": "bundle",
          "target": "x86_64-linux"
        },
        {
          "architecture": "x86_64",
          "group": "osx",
          "kind": "bundle",
          "target": "x86_64-osx"
        },
        {
          "architecture": "x86_64",
          "group": "win32",
          "kind": "bundle",
          "target": "x86_64-win32"
        },
        {
          "architecture": "x86",
          "group": "osx",
          "kind": "retired",
          "target": "x86-osx"
        }
      ]
    },
    "bob": {
      "url": "https://d.defold.com/archive/7f0f554f41f9dce1e0ddff99bf08200657d1ee05/bob/bob.jar",
      "sha256": "8a8a8c4ebc725279d8ddae17c4eb3d72d6db90a498302960ca341e61fa489cb8"
    }
  },
  "artifacts": {
    "schemaVersion": 2,
    "kind": "deherm.policy.artifacts",
    "defoldRevision": "7f0f554f41f9dce1e0ddff99bf08200657d1ee05",
    "artifacts": {
      "hermes-host": {
        "tag": "hermes-4e285d845536",
        "fingerprint": "4e285d845536280998364cd901d538ccc1345de7ad443860d017fff3fdef99d0",
        "indexedBy": "host",
        "summary": "hermesc and shermes, per user host",
        "assets": {
          "darwin-arm64": "hermes-host-darwin-arm64.tar.gz",
          "darwin-x64": "hermes-host-darwin-x64.tar.gz",
          "linux-arm64": "hermes-host-linux-arm64.tar.gz",
          "linux-x64": "hermes-host-linux-x64.tar.gz",
          "win32-x64": "hermes-host-win32-x64.tar.gz"
        },
        "contents": {
          "darwin-arm64": [
            "hermesc",
            "shermes"
          ],
          "darwin-x64": [
            "hermesc",
            "shermes"
          ],
          "linux-arm64": [
            "hermesc",
            "shermes"
          ],
          "linux-x64": [
            "hermesc",
            "shermes"
          ],
          "win32-x64": [
            "hermesc.exe",
            "shermes.exe"
          ]
        },
        "integrity": {
          "darwin-arm64": {
            "asset": "hermes-host-darwin-arm64.tar.gz.integrity.json",
            "sha256": "81d46294ec02167092d8891dfa4a7e15c1bb1bc9e3ad5b1399b3bfa0ddc0e8ac",
            "archiveSha256": "32464ae4b49f5037962d07134cc0e8cd4b81787eb6fd8a2fba9255f00c6871e8",
            "archiveBytes": 2121118
          },
          "darwin-x64": {
            "asset": "hermes-host-darwin-x64.tar.gz.integrity.json",
            "sha256": "bc26b28f8a3a025e5fee278e284c6d8850dea0bb5f5c2a9c9d0b7c2398f9fe54",
            "archiveSha256": "0c56fed00f61a6f13294b0d11069e759f39779ec705319d262360f3783ad28a5",
            "archiveBytes": 2285959
          },
          "linux-arm64": {
            "asset": "hermes-host-linux-arm64.tar.gz.integrity.json",
            "sha256": "4cd0a8e791e3c7892e64def9ad7d89bbf940df25e5b36e4a0a9eefb2038b4a83",
            "archiveSha256": "b415b966e637d8365cc92bb642ec9410fd55128930111780624e7bfb71d5fb95",
            "archiveBytes": 3350282
          },
          "linux-x64": {
            "asset": "hermes-host-linux-x64.tar.gz.integrity.json",
            "sha256": "cbfbf9eb7b58f60246f1ff287d176a6083f3af6028b536f0b22277a32b24ac06",
            "archiveSha256": "d19278790cea2e88a8b42812abe82f8216475772cc78aa89e4d3e0e490d420e6",
            "archiveBytes": 3391333
          },
          "win32-x64": {
            "asset": "hermes-host-win32-x64.tar.gz.integrity.json",
            "sha256": "e70446cd54d43fbcee1433e7fc70d9b2808cf3c23e4c6d84ed1d78616d238a78",
            "archiveSha256": "5ac44496312e22f3c787faf886d19b216d1ba24e44f99791e3cc7ef943556103",
            "archiveBytes": 2324081
          }
        }
      },
      "dehermc": {
        "tag": "tools-947589f92cad",
        "fingerprint": "947589f92cad5aa04bb3babcbbccd7f35bc33462da5350ebb168a750c26a7c7f",
        "indexedBy": "host",
        "summary": "dehermc, déherm's TypeScript transform compiler, per user host",
        "assets": {
          "darwin-arm64": "dehermc-darwin-arm64.tar.gz",
          "darwin-x64": "dehermc-darwin-x64.tar.gz",
          "linux-arm64": "dehermc-linux-arm64.tar.gz",
          "linux-x64": "dehermc-linux-x64.tar.gz",
          "win32-x64": "dehermc-win32-x64.tar.gz"
        },
        "contents": {
          "darwin-arm64": [
            "dehermc"
          ],
          "darwin-x64": [
            "dehermc"
          ],
          "linux-arm64": [
            "dehermc"
          ],
          "linux-x64": [
            "dehermc"
          ],
          "win32-x64": [
            "dehermc.exe"
          ]
        },
        "integrity": {
          "darwin-arm64": {
            "asset": "dehermc-darwin-arm64.tar.gz.integrity.json",
            "sha256": "cc0f93242c817a9cf03d05384c8d3188bf35de66885e796514b009031307b91e",
            "archiveSha256": "1c12bbbc10f54ff43730feb88fb2e97db73ab29f1ff7817982290a1fb443724b",
            "archiveBytes": 6815510
          },
          "darwin-x64": {
            "asset": "dehermc-darwin-x64.tar.gz.integrity.json",
            "sha256": "7da8f4789baa5b7716499c60eb184bbe232e723abcb3c7dfc120a6ab33ec0fc7",
            "archiveSha256": "9fad68e3c7a88783dc3b17e03224687dc59dcb3d50f50bfa2f9168a964654c7a",
            "archiveBytes": 7216868
          },
          "linux-arm64": {
            "asset": "dehermc-linux-arm64.tar.gz.integrity.json",
            "sha256": "739d08d79de17d8116c80a390a9c809c236d6204e0d33fc8b55685cccceb4f4a",
            "archiveSha256": "91d1ad43e85b73103c040ecea3ebcd7a29bc1d7e06d1771550eae0f3c2faeb3d",
            "archiveBytes": 6576219
          },
          "linux-x64": {
            "asset": "dehermc-linux-x64.tar.gz.integrity.json",
            "sha256": "bc9f9c0393fb06605845e3b1ae61d76e33d1278b7b05ac3fc60bb4b3029bb665",
            "archiveSha256": "2d2005c7f47bfe9939e7de7e13036389a6bb54696d47b0c060bc5ec498efde1e",
            "archiveBytes": 7139922
          },
          "win32-x64": {
            "asset": "dehermc-win32-x64.tar.gz.integrity.json",
            "sha256": "b0c0c830fd9fddc07cfcd175ade4dd85259e3fcbf2a1f91ed0934f233c8226f0",
            "archiveSha256": "3cb8cf6b2cc7f1122b6b8db02f568d9f6837399fae81ab39285d0eac993c818e",
            "archiveBytes": 7269269
          }
        }
      },
      "native-artifacts": {
        "tag": "libs-db900fc9f9d8",
        "fingerprint": "db900fc9f9d8000427e944b544916b6277ab0a8f58034c52c25a0843b73a4ec9",
        "indexedBy": "bundleTarget",
        "summary": "Hermes release/debug libraries plus generated target config, per Defold bundle target",
        "assets": {
          "arm64_sim-ios": "hermes-arm64_sim-ios.tar.gz",
          "arm64-android": "hermes-arm64-android.tar.gz",
          "arm64-ios": "hermes-arm64-ios.tar.gz",
          "arm64-linux": "hermes-arm64-linux.tar.gz",
          "arm64-osx": "hermes-arm64-osx.tar.gz",
          "armv7-android": "hermes-armv7-android.tar.gz",
          "x86_64-android": "hermes-x86_64-android.tar.gz",
          "x86_64-linux": "hermes-x86_64-linux.tar.gz",
          "x86_64-osx": "hermes-x86_64-osx.tar.gz",
          "x86_64-win32": "hermes-x86_64-win32.tar.gz"
        },
        "contents": {
          "arm64_sim-ios": [
            "libhermes.a",
            "libhermes.debug.a",
            "libhermesvm-config.h"
          ],
          "arm64-android": [
            "libhermes.a",
            "libhermes.debug.a",
            "libhermesvm-config.h"
          ],
          "arm64-ios": [
            "libhermes.a",
            "libhermes.debug.a",
            "libhermesvm-config.h"
          ],
          "arm64-linux": [
            "libhermes.a",
            "libhermes.debug.a",
            "libhermesvm-config.h"
          ],
          "arm64-osx": [
            "libhermes.a",
            "libhermes.debug.a",
            "libhermesvm-config.h"
          ],
          "armv7-android": [
            "libhermes.a",
            "libhermes.debug.a",
            "libhermesvm-config.h"
          ],
          "x86_64-android": [
            "libhermes.a",
            "libhermes.debug.a",
            "libhermesvm-config.h"
          ],
          "x86_64-linux": [
            "libhermes.a",
            "libhermes.debug.a",
            "libhermesvm-config.h"
          ],
          "x86_64-osx": [
            "libhermes.a",
            "libhermes.debug.a",
            "libhermesvm-config.h"
          ],
          "x86_64-win32": [
            "hermes.lib",
            "hermes.debug.lib",
            "libhermesvm-config.h"
          ]
        },
        "integrity": {
          "arm64_sim-ios": {
            "asset": "hermes-arm64_sim-ios.tar.gz.integrity.json",
            "sha256": "87e1c2447cef61abb14674499f0c1201f6224ab5637032305f0ea15e818c31cf",
            "archiveSha256": "3941f0310a94c3af9f303987a150893391039b52e82e8864dcf6b3763fc53441",
            "archiveBytes": 7274963
          },
          "arm64-android": {
            "asset": "hermes-arm64-android.tar.gz.integrity.json",
            "sha256": "0e441695152f2bbc3b8b6f27015c335ce889f7b31d1d0cc6984d5021e4ea9324",
            "archiveSha256": "44bbc3185c9053ad2e3f4d60204921bfc6ea9c58b2a5097c198c49a6f4725ed9",
            "archiveBytes": 90221542
          },
          "arm64-ios": {
            "asset": "hermes-arm64-ios.tar.gz.integrity.json",
            "sha256": "6f46d604cb8964f47eb9611546dfa725e25e11709735ac8c4d42597c835817b7",
            "archiveSha256": "88dc56f140f6bda5074d9f62cd78f485a928bfc59f9b36975ec2e5852ff0672c",
            "archiveBytes": 7256633
          },
          "arm64-linux": {
            "asset": "hermes-arm64-linux.tar.gz.integrity.json",
            "sha256": "a9e0bec167e838f0a7c0668a91843edcbd7983415f455516495305ee810f55e9",
            "archiveSha256": "85f27de7a7d98c6998f49d6ab5fdb77d96790857f5c51376827dd984972c1e56",
            "archiveBytes": 38216220
          },
          "arm64-osx": {
            "asset": "hermes-arm64-osx.tar.gz.integrity.json",
            "sha256": "3b3312467c420680d86a1a6950547815fbf2d6ddcc35e32e64d854c256179d01",
            "archiveSha256": "036a03453b6646c86876fc4a8dd97d7908bae392e7d29f757b13df904073c6c8",
            "archiveBytes": 7275357
          },
          "armv7-android": {
            "asset": "hermes-armv7-android.tar.gz.integrity.json",
            "sha256": "813d30d10e9ab1a7450a0a3ce4db69d9a25f18b1e366885784c62f4910fa278c",
            "archiveSha256": "b989d68ce1a865ac822dbce4661ef8c1dbdd3f3ab40cd482ba7610a496c832fd",
            "archiveBytes": 83678133
          },
          "x86_64-android": {
            "asset": "hermes-x86_64-android.tar.gz.integrity.json",
            "sha256": "6afe15341cb06e91472bc033947fcceeb7ac2ece91e9255b5228e81786615c17",
            "archiveSha256": "c4b59a35f29cb0e67c38c1163352321cb4e0ded0272f96c995ed47014abc9760",
            "archiveBytes": 87773951
          },
          "x86_64-linux": {
            "asset": "hermes-x86_64-linux.tar.gz.integrity.json",
            "sha256": "53f40d656c60db6bb6392415722dbcfd20498938a153cc222ed6dbbd13ffd158",
            "archiveSha256": "34528f90e1b1228fde0f565499c6a6c38f5f00244828aec0fca4411c2aa33f9a",
            "archiveBytes": 38396994
          },
          "x86_64-osx": {
            "asset": "hermes-x86_64-osx.tar.gz.integrity.json",
            "sha256": "b2b4beb8c1b37020d06a848b0ef3b4a3a405284281398e0561d302ed748af3a7",
            "archiveSha256": "c09906a241ee488b50a91da6bd91ed86f9b7ff5451c4929bba1a0ace3fc70292",
            "archiveBytes": 7500847
          },
          "x86_64-win32": {
            "asset": "hermes-x86_64-win32.tar.gz.integrity.json",
            "sha256": "5d0d5366cd684c3501d1dd4abe165de8e10820eb397c932e63617613a38de05f",
            "archiveSha256": "d7f39e531f224b9adb01fdc51b2e0540e9f192557ed9d3e442f4456f1bda5896",
            "archiveBytes": 11221532
          }
        },
        "compatibility": {
          "kind": "deherm.native-artifact-compatibility",
          "sha256": "201a2a3626b57fa786ff71b3a0966bbcf21943ef5f1ed02d2880c18e4920a584"
        }
      }
    },
    "releaseAsset": "https://github.com/ts-defold/deherm/releases/download/{tag}/{asset}"
  },
  "generation": {
    "schemaVersion": 1,
    "projectGeneratorSha256": "2e52eced24d16c0bebe1395f2d67aa0e25904d7ccec18f2fcdb3020ad632971e",
    "nativeExtensionGeneratorSha256": "2cd99f9dcdc15a3756ff2aacd7695ef7416eb1b3602df871bd447c9e0f3a34ad",
    "nativeExtensionClang": {
      "required": false
    },
    "staticHermesInputs": {
      "outputs": {
        "script-universal-value.ts": "ab38b4ba983b480a22d1bbe56ed44ea0a55dbb2270dcf757f0415b1d371faf90",
        "script-typed-native-bridge.ts": "9bb322f341469d6c5f3926f478325d34ac5f822051387ae3837964fade630916"
      }
    },
    "cacheKey": "4f9407b5177bceddb58fb3d432f716459d167c92aae7f2ac9d872d5548b6f779"
  },
  "defoldResolution": {
    "schemaVersion": 1,
    "revision": "7f0f554f41f9dce1e0ddff99bf08200657d1ee05",
    "source": "extender-build",
    "authority": "historical",
    "evidence": {
      "archive": ".internal/cache/arm64-osx/build.zip",
      "platform": "arm64-osx",
      "size": 9252202,
      "modifiedMs": 1791086531915
    },
    "via": "deherm-lock"
  },
  "defoldSurface": {
    "layer": "user-cache"
  },
  "generationMerkle": {
    "schemaVersion": 1,
    "engineRoot": "435ed33407f632f510c60e23f4e7b3c3ed2f22fe543c1d7577077cf1367da331",
    "nativeRoot": "ece4919f47d946e3499304d9a706fb626e97d7f85dfad41a07b2f3c76959725a",
    "root": "e8a965e7338ad9fe8e3d2f10f8dd19219a60b5d7caa9ff1fac061bdbf734bf0b"
  },
  "inputs": {
    "valueLayoutsSha256": "a70876547c5c36d0dde6d6a3bf2e51c46dc0d00de6e46918eb01f82b149c7de3",
    "componentContractSha256": "68d10d5b9d1611c63ed63fcf7e3a107d20a3ed6ba3ccdf3df409466595289032",
    "scriptIrSha256": "178b8be87bf00c549462c55857901fdc709c231a59fe218a6f5d974fc210c2a3",
    "dmsdkIrSha256": "c6736591d3336bb0bfef8902fab4ea17b7883c44c35d04bce1dd256e5c2969b5",
    "scriptDispatchSha256": "a7d2e0449cfff7a397b61b6d53fc0b45e7c1a376e0513937500b367e8afb839e",
    "scriptPatternsSha256": "dfc33630937b6c1e5982c64f3e42262c5f637c210c5c4e0af429dd5efab29a5b",
    "dmsdkPatternsSha256": "f82185471cccd913c313c25f9c075c495daccab8cb5d1135e2ffd0ec73d47a17",
    "scriptProbesSha256": "36e34790845c807a81836e0d643a5b7221a0193a6372fe92b7e19bfd0f14251a",
    "scriptAccountingSha256": "8ccf8143c871712850f6f52508a9f2fe75a0b6dbb2105db916c651ac2a8ef04b",
    "scriptUniversalSha256": "4290b6101960f7b2dfc40e4c85b972904e2049b722a4671aa5a4687ffb06c26f",
    "scriptProfilesSha256": "6b4b74166e27a82496a4ff0272e9e49d222d9fbf4c0cb178cad7cf11dce6da75",
    "loweringPlanSha256": "cb7df97dec5f7d346ef3ed9cee4f20185dbb3f01662815dbaad84fcb7c58ff0d",
    "loweringPlanSentinelSha256": "a1fc7d87e01aa61b2053338df690270917728277303410a512c9502fb93a534f",
    "dmsdkThunksSha256": "a8e78bb9c1b47a41066995aa8fe565698b9871045c865e7b6df69326093af788",
    "dmsdkUniversalSha256": "6ed767f12cd832b82c4293cd6aa5599edc98f9a4db12af171c725622c10a15c8",
    "resourceSchemaSha256": "8115043c9dc8626b254bca01ddbae853a1a4ebfec709d703eacee770ffc7c970",
    "resourceNamespacesSha256": "9893e932b1e41d3064e95c12812884b62456857c27e16274fba3671941e2b728",
    "toolchainSha256": "589ef36b86889b849de798c841ca64230c1729c64252ed040d8df272c2c549a9",
    "sdkSourceSha256": "876ebff33f8d0e0d3a719c20d0fab8b24994186542a96d64e4d2eedafc2a9488",
    "repositorySourceSha256": "166f6dfc741b1ac4225d2c7dddd28361366f7d26d1f08f08a1d0c83e75e91f80"
  },
  "generatedOutputs": {
    "output": {
      "script-contexts.json": "8bf2b640b47cb0e160b4a37e7b5bb41c6a8e9aacb4050267e0304ff13ff5b2ff",
      "generated/native-extensions/index.json": "1deb1ba27da2da201992b364212ed299c94b45aa0a68dd3da2a70ade0952de9c",
      "sdk/contexts/shared.ts": "e0b43727cad1a334e6d175868002d3338ef2b2c2942884c7a3d754d4c888a928",
      "sdk/contexts/game-object.ts": "ca052dc88c29c0a88aaa168d3ea5eb62c0d00d00f86454f045ee03dd421d5d58",
      "sdk/contexts/gui.ts": "3f2d965cb4eb3f0d8625d7edcb92c8b552b2a68db74a80d78178c91723f262b1",
      "sdk/contexts/render.ts": "2c1edda77cd85f97769cdf3b9e8d093237275a80e1ba96f1eae62dd2cab58cd7",
      "static-hermes/generated/script-universal-value.ts": "ab38b4ba983b480a22d1bbe56ed44ea0a55dbb2270dcf757f0415b1d371faf90",
      "static-hermes/generated/script-typed-native-bridge.ts": "9bb322f341469d6c5f3926f478325d34ac5f822051387ae3837964fade630916"
    },
    "project": {
      "tsconfig.deherm.base.json": "0c877d4615c6356293850c647d0f603d348803b80030dace8bf8f887c7c26b36",
      "tsconfig.deherm.shared.json": "548365c5541e6cb1817702cabfc46dafc77bb9ab4726d2b83dc74244a2269a66",
      "tsconfig.deherm.game-object.json": "b91ea093b597ad0d2d030d57cc8b8f81990ff325b5fb2529ff17d90e01b9353d",
      "tsconfig.deherm.gui.json": "db522da011f127a4057b06a360c41053b0d0a9e54eeda64d61cbfa5ad420f7d4",
      "tsconfig.deherm.render.json": "e0358c68c23a4ce6c109877f42ea1c9e2c6672b9709aa62aec540ffe930743d1",
      "tsconfig.deherm.bundle.json": "042637c2c0cf1ac36dc94bbd49bd607e12ae7bb0a79bb5e9c52923b96d1e65b0",
      "tsconfig.deherm.release.json": "2ed3ad02b22ebb1e218cc60f3549c574ae66f1056e0205be12a9b288970eb0be",
      "tsconfig.deherm.json": "0666a9440af963a2797ddb9ecea8cebd95783bfe0ce2f6a6b8c614b25ce4c6ba"
    }
  },
  "generatedSdkSha256": "d35dc952822abd77a05e7436486f91eb126a3ea6e3b8000c90db8cdc7977a5ac",
  "nativeExtensions": {
    "headerCount": 0,
    "generatedRouteCount": 0,
    "blockedRouteCount": 0,
    "keyedOutput": "7f0f554f41f9dce1e0ddff99bf08200657d1ee05/4f9407b5177bceddb58fb3d432f716459d167c92aae7f2ac9d872d5548b6f779",
    "treeSha256": "5321f0aed984b2b287d323c9505c480631cd6f9d94fa37b978de7ca752eb4a20"
  },
  "engineProfiles": {
    "source": "defold-default",
    "manifest": null,
    "manifestSha256": null,
    "defaultProfileId": "default-legacy-bullet",
    "platforms": {},
    "catalogSha256": "33ab628fb2dc8e58b5296346f189892f54fa2a23ee3f4c5b063300299066936b",
    "handshakeSchema": "deherm.script-route-capabilities/v1"
  },
  "buildArtifacts": {
    "schema": "deherm.build-artifacts/v1",
    "artifacts": {
      "defold_hermes_typed_native/ext.manifest": {
        "kind": "generated-sources",
        "outputs": {
          "defold_hermes_typed_native/ext.manifest": "82f56f6f577ca54da24dc906c92ec4dd1d62e494797fa4f28f823f8803b842a3",
          "defold_hermes_typed_native/include/deherm_typed_native_prelude.h": "7b81eb680c14716aa332303638560833802406a23e5db00a958825d3391d9a4b",
          "defold_hermes_typed_native/include/hermes/Support/sh_tryfast_fp_cvt.h": "765d5904d92d2fbfe1c0fbd7a7da1c1e50f3b66a467b21f4721538a444386d15",
          "defold_hermes_typed_native/include/hermes/VM/SHRuntimeHermesValueFields.def": "14a74c4ba6b0fb792001f3fb7a10aab241726d5c184a9c0c9d1b06aec0ee5c8d",
          "defold_hermes_typed_native/include/hermes/VM/sh_config.h": "eff5aea23fdcef84aea02c24c85cb52a1470b18664bafd154373b169c566e249",
          "defold_hermes_typed_native/include/hermes/VM/sh_legacy_value.h": "b6bdafa31f0852d3b3aa739a8fcc3435595f0a2412ac83a71681f0a78527b1f3",
          "defold_hermes_typed_native/include/hermes/VM/sh_mirror.h": "6bdeb232a7fcf3763bb5acb2ab00d8e88042910e3ec36a70c66346f14f20d7b9",
          "defold_hermes_typed_native/include/hermes/VM/sh_runtime.h": "0a4d286b067f1d7a03e78257988999610a21149ee572af02b131828ddd44742a",
          "defold_hermes_typed_native/include/hermes/VM/sh_segment_info.h": "6f8075cdb2f7bc87b4e3e99a4ca67be69c63a01a8348a3e944ad3cd9b7b8ca22",
          "defold_hermes_typed_native/include/hermes/VM/sh_small_hermes_value.h": "443bc19b5a3d1e93b23f691e772e5efc111500238e302aa4a6886c37e4827cc3",
          "defold_hermes_typed_native/include/hermes/VM/sh_stack_frame.h": "ace7acbab596673788050a518451fcc32ddb6a1cc7672445fea2e70a07085255",
          "defold_hermes_typed_native/include/hermes/VM/static_h.h": "fafffcd691e05e1ca73ffc1f63ec7b748cd2b99fffabce98a037864a8327c9c8",
          "defold_hermes_typed_native/include/hermes/VMLayouts/sh_stack_frame_layout.h": "3cc3bb34a4e69bb7b5a8da25f59d70d3b79e2c606a0e84a4bc36f767fd79f179",
          "defold_hermes_typed_native/include/libhermesvm-config.h": "12b69de6e7090980d33bfa7cc4cabc5e32a98ef292249b8f4f49ec855041ec59",
          "defold_hermes_typed_native/manifest.json": "bc41f38ffd40149d1af2d2c7059ffa355c4ab2ca2de9612e75f054288af4083e",
          "defold_hermes_typed_native/src/deherm_typed_native_extension.cpp": "7b7c5ac2f31045c747d0de4ab50e37f17f5bfbeb58ae5c758a108579a1b83f3e",
          "defold_hermes_typed_native/src/deherm_typed_native_unit.cpp": "da550da672f769a4fb478b8b5230813663f827c85cab5fcf610d379d868780d0"
        },
        "build": {
          "generator": "scripts/assemble-typed-native-extension.mjs",
          "transport": "typed-native",
          "unit": "sh_export_deherm_typed_native",
          "profile": false,
          "toolchain": {
            "deherm": "0.1.0",
            "esbuild": "0.25.10"
          }
        },
        "sources": {
          "digest": "037d091bbb0111e215a842c5648471f1373989d9e29a647ff0848d4da5252568",
          "fileCount": 2,
          "files": {
            ".deherm/static-hermes/generated/script-typed-native-bridge.ts": "9bb322f341469d6c5f3926f478325d34ac5f822051387ae3837964fade630916",
            ".deherm/static-hermes/generated/script-universal-value.ts": "ab38b4ba983b480a22d1bbe56ed44ea0a55dbb2270dcf757f0415b1d371faf90"
          }
        }
      },
      "deherm/app.dehermc": {
        "kind": "bundle",
        "resource": "/deherm/app.dehermc",
        "fingerprint": "0d0467c037255c6412e0e133eb9bc8d2795e43951b269d4b25065b63274ffb3e",
        "outputs": {
          "deherm/app.dehermc": "e24e93f24c7cd6f601659c2d25c38e19c0ad33668993cc64af26a08731eb363b"
        },
        "build": {
          "entryPoint": "main/player.script.ts",
          "preludeEntries": [
            ".deherm/generated/components/registry.ts"
          ],
          "tsconfig": "tsconfig.deherm.bundle.json",
          "target": "es2020",
          "format": "iife",
          "platform": "neutral",
          "sourcemap": true,
          "ttsc": true,
          "define": null,
          "toolchain": {
            "deherm": "0.1.0",
            "esbuild": "0.25.10"
          },
          "syntheticInputCount": 1
        },
        "sources": {
          "digest": "7bb6ecb859f4644743598c8b3c4ff55445df9fb3b1c1f75371c9f5bbaabad9b1",
          "fileCount": 83,
          "files": {
            ".deherm/generated/components/registry.ts": "96fbe184ec66aae6b2db44abb80e811b88fa9e9f43359c14579222b4703bbeee",
            ".deherm/generated/dmsdk-call-symbol-index.json": "4115ce6b1d8a256f1a954047808e3601a53898679e24b0fc3300e770704cd99c",
            ".deherm/generated/resource-symbols.json": "9c31808360399e9f6a7a1445d8098bbb14e5ed60b2f57b7603de01ed42f13056",
            ".deherm/generated/script-route-symbol-index.json": "bc740c37f94f099e9a4e9d1790a90bc984f42c6542282561c942f3799926b7da",
            ".deherm/sdk/address.ts": "78595c555cfff5fd054010b275a071c8f37887711bdd7e7c215f2b4a8c80cfcc",
            ".deherm/sdk/component.ts": "6e9c6ad3c6d79e7ae1fe3f923951ec955be37fa38d5aeea989b2d9c0e3b36d12",
            ".deherm/sdk/contexts/game-object.ts": "ca052dc88c29c0a88aaa168d3ea5eb62c0d00d00f86454f045ee03dd421d5d58",
            ".deherm/sdk/contexts/gui.ts": "3f2d965cb4eb3f0d8625d7edcb92c8b552b2a68db74a80d78178c91723f262b1",
            ".deherm/sdk/contexts/render.ts": "2c1edda77cd85f97769cdf3b9e8d093237275a80e1ba96f1eae62dd2cab58cd7",
            ".deherm/sdk/contexts/shared.ts": "e0b43727cad1a334e6d175868002d3338ef2b2c2942884c7a3d754d4c888a928",
            ".deherm/sdk/defold.ts": "321b4bbd0744a5910880e7b1f37a537e8eea17c6d145294a2b3764fd3cb628d9",
            ".deherm/sdk/generated/dmsdk/borrowed-handle.ts": "1741f8a140495a2e4816d5e69444de9eca91fec7e370a8500f2db498cc3956a8",
            ".deherm/sdk/generated/dmsdk/browser-arena.ts": "c0733f94af703c1862812f9a5338895f6688a3b3c886215ed90db1dcedaceb15",
            ".deherm/sdk/generated/dmsdk/cstring-value.ts": "4077730cac0790dc8f995ae0b211caa4290f0cd8b2f2959255fcd00d0e06b456",
            ".deherm/sdk/generated/dmsdk/enum-value.ts": "1e819070fc5b7289d5ff12980bd0325cc26535e50e9037dd928ac1fc51523db1",
            ".deherm/sdk/generated/dmsdk/index.ts": "6a5fc85dd41fa150995a703271b080799b3a056fcb8a19a415b3602b8122af26",
            ".deherm/sdk/generated/dmsdk/named-scalar.ts": "9f7e8f268f497e7f504544e63702e0ed61bd86f8177af0cb2f8209215fc20cbe",
            ".deherm/sdk/generated/dmsdk/runtime.ts": "34088132599e703809570a1d604bd912a32204835c82a6b363646ca399926f4c",
            ".deherm/sdk/generated/dmsdk/scalar.ts": "fec98a776ca38cab5f011e7898751c3666fb780a9505ce59f42c4f86940f7621",
            ".deherm/sdk/generated/dmsdk/scratch-scalar-out.ts": "9b50621c71aed50ea5b7326e8f14857b7fc24e4fe792f4de6bd72bc079f9eb00",
            ".deherm/sdk/generated/dmsdk/types.ts": "fecc16e80b3e7559f9964bcc409067078af2e04818e2a8724a1b9adda5c4fb96",
            ".deherm/sdk/generated/dmsdk/universal.ts": "4ed39a784132c7704ebb4439c8ad8e49cb8718fa59615c1d93de5737bac6d5c2",
            ".deherm/sdk/generated/native/NativeWebTransport.ts": "5fa7f27b6eb6ba504f264b4134db20ce630c924933acd2cb8333bda9f1bfb38f",
            ".deherm/sdk/generated/native/WebTransport.ts": "92d84ff64dbf932fe391cdcd8832ab81cd35623980ccfed1466d8b7d35c30200",
            ".deherm/sdk/generated/script/browser-target-support.ts": "4de2ba390aef3354cbdd498617ce92820975a99077d26ce116a43fed4532e9c8",
            ".deherm/sdk/generated/script/callback-lifecycle.ts": "4ee27cecb760e57642a79ecd5871cea1d24f91ed80b900e7e781c212016e46ca",
            ".deherm/sdk/generated/script/copied-value-record-blockers.ts": "d68694fe3ae2565f618a0460f583de864fdfa4edf2dee631b7475a2a39fe710e",
            ".deherm/sdk/generated/script/dynamic-values.ts": "4201b6479384410c92c5187be5de3038b3688ef1b9d4e1d5322b9e0b9d34bbab",
            ".deherm/sdk/generated/script/fixed-tuple-target-support.ts": "978c23536e651a41fc34324b56253701ce3ad08bd3abd6a36d7331d681f6dc4a",
            ".deherm/sdk/generated/script/handle-lowering.ts": "b3dd14aa4aea70b3a442219082b65f63922f6a2bb39ddc57f03c55fb53f74504",
            ".deherm/sdk/generated/script/index.ts": "e0cd5869554f13a58e3674a306164b0745bac5ea4c34a2fb5bcfdaf6aa4f421a",
            ".deherm/sdk/generated/script/modules.ts": "085869ee2befd9669207132375f269b7ac88f26fdee8656e156c293c3d347192",
            ".deherm/sdk/generated/script/opaque-record-blockers.ts": "fd9b7e8da17d7e6e216dda5026fb410c22620f7cbb28ccc65939d32600d486d1",
            ".deherm/sdk/generated/script/overload-dispatch-target-support.ts": "5aaaa6feff48b476caa22535e5e84a92afcaf41234a658eaa13c9c14988db37d",
            ".deherm/sdk/generated/script/runtime.ts": "d1ea23efc516baddf661c9d89f3dabfd0b1016a641365e7b91d8cc7576749072",
            ".deherm/sdk/generated/script/table-record-bindings.ts": "b207593ee61f9932240e3f6c282d257e9a4df58636d226786650390cc9f7abb4",
            ".deherm/sdk/generated/script/types.ts": "d62184ab8806c7588b068d36e3776f9c93b5c5e4784025bd6ae55d7b2cefd2ae",
            ".deherm/sdk/generated/script/universal-value-bindings.ts": "8d1a08c40996df35e2b35c070022948c90a70a3409e64f46d8b5ae40d9b8342f",
            ".deherm/sdk/generated/script/url-target-support.ts": "2ecbbb9dbd99069feeff111bea8f8525ea510dcf3906c2226120e1b4c8900395",
            ".deherm/sdk/generated/script/value-tail-target-support.ts": "b53f885a0948fbef97230b46571f4e5a9a61f65905dab8ec2abbf44d1533b192",
            ".deherm/sdk/generated/script/value-target-support.ts": "814dfc5607f9473fed1797f4a10ee46a393f996d18253cee1c222ffcf9782bca",
            ".deherm/sdk/hmr-state.ts": "eb65ba2955fb2e177ee0b45ed0bd0774c0480e4a066017e5694605e3f7afd3aa",
            ".deherm/sdk/host.ts": "ba91526451338a7ee9a531e6e6cad95ebbcd25b215b6c461449e92d349de8cad",
            ".deherm/sdk/index.ts": "4bf63a2ee459004912637392cf9dab7b6f96fe36b915e3f98059ee276422b614",
            ".deherm/sdk/module-runtime.ts": "20b47106508e1b9a9c4ab91f4690b14bd37f50b2c86e4bcd5c8df39d0e2c6d36",
            ".deherm/sdk/modules/defold_webtransport.ts": "152fab21442eecdf67d95f193cba8d816bf27a0a4e61612a40b5ae3bc2979dca",
            ".deherm/sdk/runtime.ts": "84a733642d38d5887bc16b1f472c5f1834ba8dc69928e8eace97cebe6ecf8988",
            "main/arena-landmark.script.ts": "0e2d80a091cf85308c812db988b416fff57267f981fa29edfce5cb1cb4fa5574",
            "main/arena.script.ts": "07e8c11244eaf952371db9e6526396e5710ad6b52cd73e3aa4a7c2a6d42ee8cb",
            "main/camera.script.ts": "638aa7c37692faf398f6ec13231e6b6885c37e7ab7990bc033b7d037033690b3",
            "main/pickup.script.ts": "a3d751d7f3776a88e877256913df446d6f94c43c5b9d07e6d7cb9629ca11e537",
            "main/player.script.ts": "69e0f0fe1d8823bd0f215a3231a3d2a36d361398b5f67036ee64a239b3befa90",
            "main/rocket.script.ts": "d4a86b93a0cbed7ff917a3211932d5eb241a36b2dcbaea675b40ffdc9789a1ac",
            "main/tank.script.ts": "9e6c0aebcae098513aa2af208e7e5df15f9cd47d49538a53df43f931f99f667e",
            "main/ui.gui.ts": "3d376f00bdf338d846100722cf163025b3ee8ab5622d96d80fa1d7092aa02b1d",
            "reference/battle.gui.ts": "dd62661cd377a1ab2fa6f28ab3963045dc09dbac9b22f990b7bf3195174fcae9",
            "src/arena-match.ts": "60df90351bd083af57cda610f3bfc030f634da5157e646c2646fb0a8f3c92297",
            "src/capability-snapshot.ts": "1cc3bcb6342ff5dbbe53769645d426bb24e0f99eec5067a3995762e091625bf7",
            "src/generated-arena-art.ts": "33f050ba2ccb7e415074bc250c2322cb2faf2bf2020c66085649e9b7ab0f977c",
            "src/generated-tank-art.ts": "2d0cb151ee40e484bac7d5cc3055aa6025015f5a5736ca09ecd06e4f0c59ebce",
            "src/generated-war-battles/arena-visual.ts": "d45bd45dc628f1c31cb287ade0aaf4c3c279287261db4b90c9c2be619a7411b8",
            "src/generated-war-battles/arena.ts": "8c0d746798337b9f4a7c63c1a5336197c3d95a8314bebccfd6ad9161d4ddc6e4",
            "src/generated-war-battles/bots.ts": "02b4e438139a60b36044a034f2cf4c54e993286db513bfe93691d82ca97d6e24",
            "src/generated-war-battles/browser-websocket.ts": "aff36c8e49dbf1415922702b6f7bc0cba0b83cc3c91e965e9515733205781528",
            "src/generated-war-battles/browser-webtransport.ts": "ad547e7a7138b1ea6bb11d14417aa08b5a8bb9eadf03ef65c0da1c7b9d1a4c4e",
            "src/generated-war-battles/client.ts": "c3f8262392bcacc62b8344add092f9040ed743875cecccfc1f61bb765bf4c625",
            "src/generated-war-battles/constants.ts": "c0eab2ce4e07a9c27e327be5e22f14710f252b42d49155b328a3d6034110f40d",
            "src/generated-war-battles/content.ts": "b95ef0175eea497ba6f3689686ce848e875d439bd4ac5865fae6da190d1e322b",
            "src/generated-war-battles/events.ts": "f6dbef6f45fd8c485017971a6b6d8284be0279b55ae6188d859a9d2af95bf453",
            "src/generated-war-battles/fixed.ts": "d0cf2a0d5341ad92a878926f0164c00ec6627edf66b533fff8776fbc4ea6e654",
            "src/generated-war-battles/index.ts": "51f9c7650946c1d6c660e4691a295ec627c3227ce3a91fb251b1d958b0c49e41",
            "src/generated-war-battles/isometric-direction.ts": "6a2500361b978651aed5561e0b04d34cc0f0f3ec45b99b299c5532883d21fa1e",
            "src/generated-war-battles/isometric-projection.ts": "1708a2acf945ab12e5960562d2e4c31f2f287a1626851e16be2717411c869282",
            "src/generated-war-battles/playable.ts": "f509d1e4db144daf49fbef757ca8bbc82d657f79755ee5fb24b5315193c7ad50",
            "src/generated-war-battles/protocol.ts": "ad1529068d8a5a5e061e4b9b25b1256521102599d8186c5d0c5351bb5878f92e",
            "src/generated-war-battles/snapshot.ts": "3c3be12bdb0bdeef30f80ab5f571f01b5ff625eb397a57a43ca191b52762c8d6",
            "src/generated-war-battles/ticks.ts": "56af336a2159b003bba8c8983d4f68632e1ea1b4f92b0a8334e9ef52e31ac610",
            "src/generated-war-battles/transport-selection.ts": "b1240eb8d85506a796d4ffb3d93be5349bb6020fc5b71d023c4f4723abf5e27e",
            "src/generated-war-battles/transport.ts": "d3c70fce2e4dbdeb14398b04a942a0b1364103d3c2c4c00612210e987e07f86f",
            "src/generated-war-battles/webtransport-framing.ts": "83575e5c22780b5fd8dc705488c0f529cdfc6b3c5cc308d59b54900acc793884",
            "src/generated-war-battles/world.ts": "8a6605c6d7cbbed9f29df5e834d98797b42d22e2e5b40d3eb018e05e609aa380",
            "tsconfig.deherm.base.json": "0c877d4615c6356293850c647d0f603d348803b80030dace8bf8f887c7c26b36",
            "tsconfig.deherm.bundle.json": "042637c2c0cf1ac36dc94bbd49bd607e12ae7bb0a79bb5e9c52923b96d1e65b0"
          }
        }
      }
    }
  }
}
